
Microsoft Visual Studio Solution File, Format Version 12.00
# Visual Studio Version 17
VisualStudioVersion = 17.5.33516.290
MinimumVisualStudioVersion = 10.0.40219.1
Project("{FAE04EC0-301F-11D3-BF4B-00C04F79EFBC}") = "Shop", "Shop\Shop.csproj", "{8E032BF6-9FA9-43DE-BB36-01C751A5E2B7}"
EndProject
Global
	GlobalSection(SolutionConfigurationPlatforms) = preSolution
		Debug|Any CPU = Debug|Any CPU
		Release|Any CPU = Release|Any CPU
	EndGlobalSection
	GlobalSection(ProjectConfigurationPlatforms) = postSolution
		{8E032BF6-9FA9-43DE-BB36-01C751A5E2B7}.Debug|Any CPU.ActiveCfg = Debug|Any CPU
		{8E032BF6-9FA9-43DE-BB36-01C751A5E2B7}.Debug|Any CPU.Build.0 = Debug|Any CPU
		{8E032BF6-9FA9-43DE-BB36-01C751A5E2B7}.Release|Any CPU.ActiveCfg = Release|Any CPU
		{8E032BF6-9FA9-43DE-BB36-01C751A5E2B7}.Release|Any CPU.Build.0 = Release|Any CPU
	EndGlobalSection
	GlobalSection(SolutionProperties) = preSolution
		HideSolutionNode = FALSE
	EndGlobalSection
	GlobalSection(ExtensibilityGlobals) = postSolution
		SolutionGuid = {9CC078FC-F26D-4BEE-88D3-C52A97130B8C}
	EndGlobalSection
EndGlobal
